// !$*UTF8*$!
{
	archiveVersion = 1;
	classes = {
	};
	objectVersion = 52;
	objects = {

/* Begin PBXBuildFile section */
		A6F9714C241E639900374CF8 /* AppDelegate.swift in Sources */ = {isa = PBXBuildFile; fileRef = A6F9714B241E639900374CF8 /* AppDelegate.swift */; };
		A6F9714E241E639900374CF8 /* SceneDelegate.swift in Sources */ = {isa = PBXBuildFile; fileRef = A6F9714D241E639900374CF8 /* SceneDelegate.swift */; };
		A6F97150241E639900374CF8 /* ContentView.swift in Sources */ = {isa = PBXBuildFile; fileRef = A6F9714F241E639900374CF8 /* ContentView.swift */; };
		A6F97152241E639E00374CF8 /* Assets.xcassets in Resources */ = {isa = PBXBuildFile; fileRef = A6F97151241E639E00374CF8 /* Assets.xcassets */; };
		A6F97155241E639E00374CF8 /* Preview Assets.xcassets in Resources */ = {isa = PBXBuildFile; fileRef = A6F97154241E639E00374CF8 /* Preview Assets.xcassets */; };
		A6F97158241E639E00374CF8 /* LaunchScreen.storyboard in Resources */ = {isa = PBXBuildFile; fileRef = A6F97156241E639E00374CF8 /* LaunchScreen.storyboard */; };
		A6F97165241E65B000374CF8 /* DataExample.swift in Sources */ = {isa = PBXBuildFile; fileRef = A6F97164241E65B000374CF8 /* DataExample.swift */; };
		A6F97167241E65D000374CF8 /* CardExampleView.swift in Sources */ = {isa = PBXBuildFile; fileRef = A6F97166241E65D000374CF8 /* CardExampleView.swift */; };
		A6F97169241E65E200374CF8 /* StackExampleView.swift in Sources */ = {isa = PBXBuildFile; fileRef = A6F97168241E65E200374CF8 /* StackExampleView.swift */; };
		A6F9716C241E791200374CF8 /* CardStack in Frameworks */ = {isa = PBXBuildFile; productRef = A6F9716B241E791200374CF8 /* CardStack */; };
/* End PBXBuildFile section */

/* Begin PBXFileReference section */
		A6F97148241E639900374CF8 /* CardStackExample.app */ = {isa = PBXFileReference; explicitFileType = wrapper.application; includeInIndex = 0; path = CardStackExample.app; sourceTree = BUILT_PRODUCTS_DIR; };
		A6F9714B241E639900374CF8 /* AppDelegate.swift */ = {isa = PBXFileReference; lastKnownFileType = sourcecode.swift; path = AppDelegate.swift; sourceTree = "<group>"; };
		A6F9714D241E639900374CF8 /* SceneDelegate.swift */ = {isa = PBXFileReference; lastKnownFileType = sourcecode.swift; path = SceneDelegate.swift; sourceTree = "<group>"; };
		A6F9714F241E639900374CF8 /* ContentView.swift */ = {isa = PBXFileReference; lastKnownFileType = sourcecode.swift; path = ContentView.swift; sourceTree = "<group>"; };
		A6F97151241E639E00374CF8 /* Assets.xcassets */ = {isa = PBXFileReference; lastKnownFileType = folder.assetcatalog; path = Assets.xcassets; sourceTree = "<group>"; };
		A6F97154241E639E00374CF8 /* Preview Assets.xcassets */ = {isa = PBXFileReference; lastKnownFileType = folder.assetcatalog; path = "Preview Assets.xcassets"; sourceTree = "<group>"; };
		A6F97157241E639E00374CF8 /* Base */ = {isa = PBXFileReference; lastKnownFileType = file.storyboard; name = Base; path = Base.lproj/LaunchScreen.storyboard; sourceTree = "<group>"; };
		A6F97159241E639E00374CF8 /* Info.plist */ = {isa = PBXFileReference; lastKnownFileType = text.plist.xml; path = Info.plist; sourceTree = "<group>"; };
		A6F97164241E65B000374CF8 /* DataExample.swift */ = {isa = PBXFileReference; lastKnownFileType = sourcecode.swift; path = DataExample.swift; sourceTree = "<group>"; };
		A6F97166241E65D000374CF8 /* CardExampleView.swift */ = {isa = PBXFileReference; lastKnownFileType = sourcecode.swift; path = CardExampleView.swift; sourceTree = "<group>"; };
		A6F97168241E65E200374CF8 /* StackExampleView.swift */ = {isa = PBXFileReference; lastKnownFileType = sourcecode.swift; path = StackExampleView.swift; sourceTree = "<group>"; };
/* End PBXFileReference section */

/* Begin PBXFrameworksBuildPhase section */
		A6F97145241E639900374CF8 /* Frameworks */ = {
			isa = PBXFrameworksBuildPhase;
			buildActionMask = 2147483647;
			files = (
				A6F9716C241E791200374CF8 /* CardStack in Frameworks */,
			);
			runOnlyForDeploymentPostprocessing = 0;
		};
/* End PBXFrameworksBuildPhase section */

/* Begin PBXGroup section */
		A6F9713F241E639900374CF8 = {
			isa = PBXGroup;
			children = (
				A6F9714A241E639900374CF8 /* CardStackExample */,
				A6F97149241E639900374CF8 /* Products */,
			);
			sourceTree = "<group>";
		};
		A6F97149241E639900374CF8 /* Products */ = {
			isa = PBXGroup;
			children = (
				A6F97148241E639900374CF8 /* CardStackExample.app */,
			);
			name = Products;
			sourceTree = "<group>";
		};
		A6F9714A241E639900374CF8 /* CardStackExample */ = {
			isa = PBXGroup;
			children = (
				A6F97163241E659300374CF8 /* Views */,
				A6F97162241E658D00374CF8 /* Models */,
				A6F9714B241E639900374CF8 /* AppDelegate.swift */,
				A6F9714D241E639900374CF8 /* SceneDelegate.swift */,
				A6F9714F241E639900374CF8 /* ContentView.swift */,
				A6F97151241E639E00374CF8 /* Assets.xcassets */,
				A6F97156241E639E00374CF8 /* LaunchScreen.storyboard */,
				A6F97159241E639E00374CF8 /* Info.plist */,
				A6F97153241E639E00374CF8 /* Preview Content */,
			);
			path = CardStackExample;
			sourceTree = "<group>";
		};
		A6F97153241E639E00374CF8 /* Preview Content */ = {
			isa = PBXGroup;
			children = (
				A6F97154241E639E00374CF8 /* Preview Assets.xcassets */,
			);
			path = "Preview Content";
			sourceTree = "<group>";
		};
		A6F97162241E658D00374CF8 /* Models */ = {
			isa = PBXGroup;
			children = (
				A6F97164241E65B000374CF8 /* DataExample.swift */,
			);
			path = Models;
			sourceTree = "<group>";
		};
		A6F97163241E659300374CF8 /* Views */ = {
			isa = PBXGroup;
			children = (
				A6F97166241E65D000374CF8 /* CardExampleView.swift */,
				A6F97168241E65E200374CF8 /* StackExampleView.swift */,
			);
			path = Views;
			sourceTree = "<group>";
		};
/* End PBXGroup section */

/* Begin PBXNativeTarget section */
		A6F97147241E639900374CF8 /* CardStackExample */ = {
			isa = PBXNativeTarget;
			buildConfigurationList = A6F9715C241E639E00374CF8 /* Build configuration list for PBXNativeTarget "CardStackExample" */;
			buildPhases = (
				A6F97144241E639900374CF8 /* Sources */,
				A6F97145241E639900374CF8 /* Frameworks */,
				A6F97146241E639900374CF8 /* Resources */,
			);
			buildRules = (
			);
			dependencies = (
			);
			name = CardStackExample;
			packageProductDependencies = (
				A6F9716B241E791200374CF8 /* CardStack */,
			);
			productName = CardStackExample;
			productReference = A6F97148241E639900374CF8 /* CardStackExample.app */;
			productType = "com.apple.product-type.application";
		};
/* End PBXNativeTarget section */

/* Begin PBXProject section */
		A6F97140241E639900374CF8 /* Project object */ = {
			isa = PBXProject;
			attributes = {
				LastSwiftUpdateCheck = 1130;
				LastUpgradeCheck = 1130;
				ORGANIZATIONNAME = Nihoo;
				TargetAttributes = {
					A6F97147241E639900374CF8 = {
						CreatedOnToolsVersion = 11.3.1;
					};
				};
			};
			buildConfigurationList = A6F97143241E639900374CF8 /* Build configuration list for PBXProject "CardStackExample" */;
			compatibilityVersion = "Xcode 9.3";
			developmentRegion = en;
			hasScannedForEncodings = 0;
			knownRegions = (
				en,
				Base,
			);
			mainGroup = A6F9713F241E639900374CF8;
			packageReferences = (
				A6F9716A241E791200374CF8 /* XCRemoteSwiftPackageReference "CardStack" */,
			);
			productRefGroup = A6F97149241E639900374CF8 /* Products */;
			projectDirPath = "";
			projectRoot = "";
			targets = (
				A6F97147241E639900374CF8 /* CardStackExample */,
			);
		};
/* End PBXProject section */

/* Begin PBXResourcesBuildPhase section */
		A6F97146241E639900374CF8 /* Resources */ = {
			isa = PBXResourcesBuildPhase;
			buildActionMask = 2147483647;
			files = (
				A6F97158241E639E00374CF8 /* LaunchScreen.storyboard in Resources */,
				A6F97155241E639E00374CF8 /* Preview Assets.xcassets in Resources */,
				A6F97152241E639E00374CF8 /* Assets.xcassets in Resources */,
			);
			runOnlyForDeploymentPostprocessing = 0;
		};
/* End PBXResourcesBuildPhase section */

/* Begin PBXSourcesBuildPhase section */
		A6F97144241E639900374CF8 /* Sources */ = {
			isa = PBXSourcesBuildPhase;
			buildActionMask = 2147483647;
			files = (
				A6F9714C241E639900374CF8 /* AppDelegate.swift in Sources */,
				A6F9714E241E639900374CF8 /* SceneDelegate.swift in Sources */,
				A6F97165241E65B000374CF8 /* DataExample.swift in Sources */,
				A6F97167241E65D000374CF8 /* CardExampleView.swift in Sources */,
				A6F97169241E65E200374CF8 /* StackExampleView.swift in Sources */,
				A6F97150241E639900374CF8 /* ContentView.swift in Sources */,
			);
			runOnlyForDeploymentPostprocessing = 0;
		};
/* End PBXSourcesBuildPhase section */

/* Begin PBXVariantGroup section */
		A6F97156241E639E00374CF8 /* LaunchScreen.storyboard */ = {
			isa = PBXVariantGroup;
			children = (
				A6F97157241E639E00374CF8 /* Base */,
			);
			name = LaunchScreen.storyboard;
			sourceTree = "<group>";
		};
/* End PBXVariantGroup section */

/* Begin XCBuildConfiguration section */
		A6F9715A241E639E00374CF8 /* Debug */ = {
			isa = XCBuildConfiguration;
			buildSettings = {
				ALWAYS_SEARCH_USER_PATHS = NO;
				CLANG_ANALYZER_NONNULL = YES;
				CLANG_ANALYZER_NUMBER_OBJECT_CONVERSION = YES_AGGRESSIVE;
				CLANG_CXX_LANGUAGE_STANDARD = "gnu++14";
				CLANG_CXX_LIBRARY = "libc++";
				CLANG_ENABLE_MODULES = YES;
				CLANG_ENABLE_OBJC_ARC = YES;
				CLANG_ENABLE_OBJC_WEAK = YES;
				CLANG_WARN_BLOCK_CAPTURE_AUTORELEASING = YES;
				CLANG_WARN_BOOL_CONVERSION = YES;
				CLANG_WARN_COMMA = YES;
				CLANG_WARN_CONSTANT_CONVERSION = YES;
				CLANG_WARN_DEPRECATED_OBJC_IMPLEMENTATIONS = YES;
				CLANG_WARN_DIRECT_OBJC_ISA_USAGE = YES_ERROR;
				CLANG_WARN_DOCUMENTATION_COMMENTS = YES;
				CLANG_WARN_EMPTY_BODY = YES;
				CLANG_WARN_ENUM_CONVERSION = YES;
				CLANG_WARN_INFINITE_RECURSION = YES;
				CLANG_WARN_INT_CONVERSION = YES;
				CLANG_WARN_NON_LITERAL_NULL_CONVERSION = YES;
				CLANG_WARN_OBJC_IMPLICIT_RETAIN_SELF = YES;
				CLANG_WARN_OBJC_LITERAL_CONVERSION = YES;
				CLANG_WARN_OBJC_ROOT_CLASS = YES_ERROR;
				CLANG_WARN_RANGE_LOOP_ANALYSIS = YES;
				CLANG_WARN_STRICT_PROTOTYPES = YES;
				CLANG_WARN_SUSPICIOUS_MOVE = YES;
				CLANG_WARN_UNGUARDED_AVAILABILITY = YES_AGGRESSIVE;
				CLANG_WARN_UNREACHABLE_CODE = YES;
				CLANG_WARN__DUPLICATE_METHOD_MATCH = YES;
				COPY_PHASE_STRIP = NO;
				DEBUG_INFORMATION_FORMAT = dwarf;
				ENABLE_STRICT_OBJC_MSGSEND = YES;
				ENABLE_TESTABILITY = YES;
				GCC_C_LANGUAGE_STANDARD = gnu11;
				GCC_DYNAMIC_NO_PIC = NO;
				GCC_NO_COMMON_BLOCKS = YES;
				GCC_OPTIMIZATION_LEVEL = 0;
				GCC_PREPROCESSOR_DEFINITIONS = (
					"DEBUG=1",
					"$(inherited)",
				);
				GCC_WARN_64_TO_32_BIT_CONVERSION = YES;
				GCC_WARN_ABOUT_RETURN_TYPE = YES_ERROR;
				GCC_WARN_UNDECLARED_SELECTOR = YES;
				GCC_WARN_UNINITIALIZED_AUTOS = YES_AGGRESSIVE;
				GCC_WARN_UNUSED_FUNCTION = YES;
				GCC_WARN_UNUSED_VARIABLE = YES;
				IPHONEOS_DEPLOYMENT_TARGET = 13.2;
				MTL_ENABLE_DEBUG_INFO = INCLUDE_SOURCE;
				MTL_FAST_MATH = YES;
				ONLY_ACTIVE_ARCH = YES;
				SDKROOT = iphoneos;
				SWIFT_ACTIVE_COMPILATION_CONDITIONS = DEBUG;
				SWIFT_OPTIMIZATION_LEVEL = "-Onone";
			};
			name = Debug;
		};
		A6F9715B241E639E00374CF8 /* Release */ = {
			isa = XCBuildConfiguration;
			buildSettings = {
				ALWAYS_SEARCH_USER_PATHS = NO;
				CLANG_ANALYZER_NONNULL = YES;
				CLANG_ANALYZER_NUMBER_OBJECT_CONVERSION = YES_AGGRESSIVE;
				CLANG_CXX_LANGUAGE_STANDARD = "gnu++14";
				CLANG_CXX_LIBRARY = "libc++";
				CLANG_ENABLE_MODULES = YES;
				CLANG_ENABLE_OBJC_ARC = YES;
				CLANG_ENABLE_OBJC_WEAK = YES;
				CLANG_WARN_BLOCK_CAPTURE_AUTORELEASING = YES;
				CLANG_WARN_BOOL_CONVERSION = YES;
				CLANG_WARN_COMMA = YES;
				CLANG_WARN_CONSTANT_CONVERSION = YES;
				CLANG_WARN_DEPRECATED_OBJC_IMPLEMENTATIONS = YES;
				CLANG_WARN_DIRECT_OBJC_ISA_USAGE = YES_ERROR;
				CLANG_WARN_DOCUMENTATION_COMMENTS = YES;
				CLANG_WARN_EMPTY_BODY = YES;
				CLANG_WARN_ENUM_CONVERSION = YES;
				CLANG_WARN_INFINITE_RECURSION = YES;
				CLANG_WARN_INT_CONVERSION = YES;
				CLANG_WARN_NON_LITERAL_NULL_CONVERSION = YES;
				CLANG_WARN_OBJC_IMPLICIT_RETAIN_SELF = YES;
				CLANG_WARN_OBJC_LITERAL_CONVERSION = YES;
				CLANG_WARN_OBJC_ROOT_CLASS = YES_ERROR;
				CLANG_WARN_RANGE_LOOP_ANALYSIS = YES;
				CLANG_WARN_STRICT_PROTOTYPES = YES;
				CLANG_WARN_SUSPICIOUS_MOVE = YES;
				CLANG_WARN_UNGUARDED_AVAILABILITY = YES_AGGRESSIVE;
				CLANG_WARN_UNREACHABLE_CODE = YES;
				CLANG_WARN__DUPLICATE_METHOD_MATCH = YES;
				COPY_PHASE_STRIP = NO;
				DEBUG_INFORMATION_FORMAT = "dwarf-with-dsym";
				ENABLE_NS_ASSERTIONS = NO;
				ENABLE_STRICT_OBJC_MSGSEND = YES;
				GCC_C_LANGUAGE_STANDARD = gnu11;
				GCC_NO_COMMON_BLOCKS = YES;
				GCC_WARN_64_TO_32_BIT_CONVERSION = YES;
				GCC_WARN_ABOUT_RETURN_TYPE = YES_ERROR;
				GCC_WARN_UNDECLARED_SELECTOR = YES;
				GCC_WARN_UNINITIALIZED_AUTOS = YES_AGGRESSIVE;
				GCC_WARN_UNUSED_FUNCTION = YES;
				GCC_WARN_UNUSED_VARIABLE = YES;
				IPHONEOS_DEPLOYMENT_TARGET = 13.2;
				MTL_ENABLE_DEBUG_INFO = NO;
				MTL_FAST_MATH = YES;
				SDKROOT = iphoneos;
				SWIFT_COMPILATION_MODE = wholemodule;
				SWIFT_OPTIMIZATION_LEVEL = "-O";
				VALIDATE_PRODUCT = YES;
			};
			name = Release;
		};
		A6F9715D241E639E00374CF8 /* Debug */ = {
			isa = XCBuildConfiguration;
			buildSettings = {
				ASSETCATALOG_COMPILER_APPICON_NAME = AppIcon;
				CODE_SIGN_STYLE = Automatic;
				DEVELOPMENT_ASSET_PATHS = "\"CardStackExample/Preview Content\"";
				DEVELOPMENT_TEAM = 2G429TK35T;
				ENABLE_PREVIEWS = YES;
				INFOPLIST_FILE = CardStackExample/Info.plist;
				LD_RUNPATH_SEARCH_PATHS = (
					"$(inherited)",
					"@executable_path/Frameworks",
				);
				PRODUCT_BUNDLE_IDENTIFIER = nihoo.CardStackExample;
				PRODUCT_NAME = "$(TARGET_NAME)";
				SWIFT_VERSION = 5.0;
				TARGETED_DEVICE_FAMILY = "1,2";
			};
			name = Debug;
		};
		A6F9715E241E639E00374CF8 /* Release */ = {
			isa = XCBuildConfiguration;
			buildSettings = {
				ASSETCATALOG_COMPILER_APPICON_NAME = AppIcon;
				CODE_SIGN_STYLE = Automatic;
				DEVELOPMENT_ASSET_PATHS = "\"CardStackExample/Preview Content\"";
				DEVELOPMENT_TEAM = 2G429TK35T;
				ENABLE_PREVIEWS = YES;
				INFOPLIST_FILE = CardStackExample/Info.plist;
				LD_RUNPATH_SEARCH_PATHS = (
					"$(inherited)",
					"@executable_path/Frameworks",
				);
				PRODUCT_BUNDLE_IDENTIFIER = nihoo.CardStackExample;
				PRODUCT_NAME = "$(TARGET_NAME)";
				SWIFT_VERSION = 5.0;
				TARGETED_DEVICE_FAMILY = "1,2";
			};
			name = Release;
		};
/* End XCBuildConfiguration section */

/* Begin XCConfigurationList section */
		A6F97143241E639900374CF8 /* Build configuration list for PBXProject "CardStackExample" */ = {
			isa = XCConfigurationList;
			buildConfigurations = (
				A6F9715A241E639E00374CF8 /* Debug */,
				A6F9715B241E639E00374CF8 /* Release */,
			);
			defaultConfigurationIsVisible = 0;
			defaultConfigurationName = Release;
		};
		A6F9715C241E639E00374CF8 /* Build configuration list for PBXNativeTarget "CardStackExample" */ = {
			isa = XCConfigurationList;
			buildConfigurations = (
				A6F9715D241E639E00374CF8 /* Debug */,
				A6F9715E241E639E00374CF8 /* Release */,
			);
			defaultConfigurationIsVisible = 0;
			defaultConfigurationName = Release;
		};
/* End XCConfigurationList section */

/* Begin XCRemoteSwiftPackageReference section */
		A6F9716A241E791200374CF8 /* XCRemoteSwiftPackageReference "CardStack" */ = {
			isa = XCRemoteSwiftPackageReference;
			repositoryURL = "https://github.com/nhoogendoorn/CardStack";
			requirement = {
				branch = development;
				kind = branch;
			};
		};
/* End XCRemoteSwiftPackageReference section */

/* Begin XCSwiftPackageProductDependency section */
		A6F9716B241E791200374CF8 /* CardStack */ = {
			isa = XCSwiftPackageProductDependency;
			package = A6F9716A241E791200374CF8 /* XCRemoteSwiftPackageReference "CardStack" */;
			productName = CardStack;
		};
/* End XCSwiftPackageProductDependency section */
	};
	rootObject = A6F97140241E639900374CF8 /* Project object */;
}
