{
  "object": {
    "pins": [
      {
        "package": "CardStack",
        "repositoryURL": "https://github.com/nhoogendoorn/CardStack",
        "state": {
          "branch": "development",
          "revision": "a45b98b08a5efad0cc72af0d09dce6c22262da38",
          "version": null
        }
      }
    ]
  },
  "version": 1
}
