{
  "object": {
    "pins": [
      {
        "package": "CardStack",
        "repositoryURL": "https://github.com/nhoogendoorn/CardStack",
        "state": {
          "branch": null,
          "revision": "1480130080bd5bd45c9a55ccfe9218448885b80a",
          "version": "0.1.1"
        }
      }
    ]
  },
  "version": 1
}
