{
  "object": {
    "pins": [
      {
        "package": "CardStack",
        "repositoryURL": "https://github.com/nhoogendoorn/CardStack",
        "state": {
          "branch": null,
          "revision": "83f24a02b82f8cb96f802c5c9bbed7616fd29b71",
          "version": "0.1.0-beta.1"
        }
      }
    ]
  },
  "version": 1
}
